lockfileVersion: '9.0'

settings:
  autoInstallPeers: true
  excludeLinksFromLockfile: false

importers:

  .:
    dependencies:
      '@effect/typeclass':
        specifier: ^0.29.19
        version: 0.29.19(effect@3.13.4)
      effect:
        specifier: ^3.13.4
        version: 3.13.4
      ts-morph:
        specifier: ^24.0.0
        version: 24.0.0
    devDependencies:
      '@tsconfig/node22':
        specifier: ^22.0.0
        version: 22.0.0
      '@types/node':
        specifier: ^22.13.5
        version: 22.13.5
      typescript:
        specifier: 5.8.0-beta
        version: 5.8.0-beta

packages:

  '@effect/typeclass@0.29.19':
    resolution: {integrity: sha512-nVbPVbad5YralGdKUZun9ySDmyWx4f0v/MxSaET7ZU3+g9N0e3D3LcGgRo0SuZtVREgsH+5EhZpdgaGiShwtHg==}
    peerDependencies:
      effect: ^3.10.19

  '@standard-schema/spec@1.0.0':
    resolution: {integrity: sha512-m2bOd0f2RT9k8QJx1JN85cZYyH1RqFBdlwtkSlf4tBDYLCiiZnv1fIIwacK6cqwXavOydf0NPToMQgpKq+dVlA==}

  '@ts-morph/common@0.25.0':
    resolution: {integrity: sha512-kMnZz+vGGHi4GoHnLmMhGNjm44kGtKUXGnOvrKmMwAuvNjM/PgKVGfUnL7IDvK7Jb2QQ82jq3Zmp04Gy+r3Dkg==}

  '@tsconfig/node22@22.0.0':
    resolution: {integrity: sha512-twLQ77zevtxobBOD4ToAtVmuYrpeYUh3qh+TEp+08IWhpsrIflVHqQ1F1CiPxQGL7doCdBIOOCF+1Tm833faNg==}

  '@types/node@22.13.5':
    resolution: {integrity: sha512-+lTU0PxZXn0Dr1NBtC7Y8cR21AJr87dLLU953CWA6pMxxv/UDc7jYAY90upcrie1nRcD6XNG5HOYEDtgW5TxAg==}

  balanced-match@1.0.2:
    resolution: {integrity: sha512-3oSeUO0TMV67hN1AmbXsK4yaqU7tjiHlbxRDZOpH0KW9+CeX4bRAaX0Anxt0tx2MrpRpWwQaPwIlISEJhYU5Pw==}

  brace-expansion@2.0.1:
    resolution: {integrity: sha512-XnAIvQ8eM+kC6aULx6wuQiwVsnzsi9d3WxzV3FpWTGA19F621kwdbsAcFKXgKUHZWsy+mY6iL1sHTxWEFCytDA==}

  code-block-writer@13.0.3:
    resolution: {integrity: sha512-Oofo0pq3IKnsFtuHqSF7TqBfr71aeyZDVJ0HpmqB7FBM2qEigL0iPONSCZSO9pE9dZTAxANe5XHG9Uy0YMv8cg==}

  effect@3.13.4:
    resolution: {integrity: sha512-XZgCImyBpONuKdsBRk37JfV7242yxTu8r/TcL5ZELIyqRbMYa+Prr86cz1INxXi7iFXfU0havZkCJGyYp1BsiA==}

  fast-check@3.23.2:
    resolution: {integrity: sha512-h5+1OzzfCC3Ef7VbtKdcv7zsstUQwUDlYpUTvjeUsJAssPgLn7QzbboPtL5ro04Mq0rPOsMzl7q5hIbRs2wD1A==}
    engines: {node: '>=8.0.0'}

  fdir@6.4.3:
    resolution: {integrity: sha512-PMXmW2y1hDDfTSRc9gaXIuCCRpuoz3Kaz8cUelp3smouvfT632ozg2vrT6lJsHKKOF59YLbOGfAWGUcKEfRMQw==}
    peerDependencies:
      picomatch: ^3 || ^4
    peerDependenciesMeta:
      picomatch:
        optional: true

  minimatch@9.0.5:
    resolution: {integrity: sha512-G6T0ZX48xgozx7587koeX9Ys2NYy6Gmv//P89sEte9V9whIapMNF4idKxnW2QtCcLiTWlb/wfCabAtAFWhhBow==}
    engines: {node: '>=16 || 14 >=14.17'}

  path-browserify@1.0.1:
    resolution: {integrity: sha512-b7uo2UCUOYZcnF/3ID0lulOJi/bafxa1xPe7ZPsammBSpjSWQkjNxlt635YGS2MiR9GjvuXCtz2emr3jbsz98g==}

  picomatch@4.0.2:
    resolution: {integrity: sha512-M7BAV6Rlcy5u+m6oPhAPFgJTzAioX/6B0DxyvDlo9l8+T3nLKbrczg2WLUyzd45L8RqfUMyGPzekbMvX2Ldkwg==}
    engines: {node: '>=12'}

  pure-rand@6.1.0:
    resolution: {integrity: sha512-bVWawvoZoBYpp6yIoQtQXHZjmz35RSVHnUOTefl8Vcjr8snTPY1wnpSPMWekcFwbxI6gtmT7rSYPFvz71ldiOA==}

  tinyglobby@0.2.12:
    resolution: {integrity: sha512-qkf4trmKSIiMTs/E63cxH+ojC2unam7rJ0WrauAzpT3ECNTxGRMlaXxVbfxMUC/w0LaYk6jQ4y/nGR9uBO3tww==}
    engines: {node: '>=12.0.0'}

  ts-morph@24.0.0:
    resolution: {integrity: sha512-2OAOg/Ob5yx9Et7ZX4CvTCc0UFoZHwLEJ+dpDPSUi5TgwwlTlX47w+iFRrEwzUZwYACjq83cgjS/Da50Ga37uw==}

  typescript@5.8.0-beta:
    resolution: {integrity: sha512-7VGUiBOGi+BYhiuy3iITIgu6m2wVW2Vb4CW+OJsW6OJS/TgvezKbAN3WBfiSErE8QOLdce0ilm6VANMkzNWW1A==}
    engines: {node: '>=14.17'}
    hasBin: true

  undici-types@6.20.0:
    resolution: {integrity: sha512-Ny6QZ2Nju20vw1SRHe3d9jVu6gJ+4e3+MMpqu7pqE5HT6WsTSlce++GQmK5UXS8mzV8DSYHrQH+Xrf2jVcuKNg==}

snapshots:

  '@effect/typeclass@0.29.19(effect@3.13.4)':
    dependencies:
      effect: 3.13.4

  '@standard-schema/spec@1.0.0': {}

  '@ts-morph/common@0.25.0':
    dependencies:
      minimatch: 9.0.5
      path-browserify: 1.0.1
      tinyglobby: 0.2.12

  '@tsconfig/node22@22.0.0': {}

  '@types/node@22.13.5':
    dependencies:
      undici-types: 6.20.0

  balanced-match@1.0.2: {}

  brace-expansion@2.0.1:
    dependencies:
      balanced-match: 1.0.2

  code-block-writer@13.0.3: {}

  effect@3.13.4:
    dependencies:
      '@standard-schema/spec': 1.0.0
      fast-check: 3.23.2

  fast-check@3.23.2:
    dependencies:
      pure-rand: 6.1.0

  fdir@6.4.3(picomatch@4.0.2):
    optionalDependencies:
      picomatch: 4.0.2

  minimatch@9.0.5:
    dependencies:
      brace-expansion: 2.0.1

  path-browserify@1.0.1: {}

  picomatch@4.0.2: {}

  pure-rand@6.1.0: {}

  tinyglobby@0.2.12:
    dependencies:
      fdir: 6.4.3(picomatch@4.0.2)
      picomatch: 4.0.2

  ts-morph@24.0.0:
    dependencies:
      '@ts-morph/common': 0.25.0
      code-block-writer: 13.0.3

  typescript@5.8.0-beta: {}

  undici-types@6.20.0: {}
